
Microsoft Visual Studio Solution File, Format Version 12.00
# Visual Studio Version 17
VisualStudioVersion = 17.14.36414.22
MinimumVisualStudioVersion = 10.0.40219.1
Project("{FAE04EC0-301F-11D3-BF4B-00C04F79EFBC}") = "D424 - Eric Pincock", "D424 -Eric Pincock\D424 - Eric Pincock.csproj", "{9051D8EF-8E79-479C-B6C9-ABB8B133EC37}"
EndProject
Global
	GlobalSection(SolutionConfigurationPlatforms) = preSolution
		Debug|Any CPU = Debug|Any CPU
		Release|Any CPU = Release|Any CPU
	EndGlobalSection
	GlobalSection(ProjectConfigurationPlatforms) = postSolution
		{9051D8EF-8E79-479C-B6C9-ABB8B133EC37}.Debug|Any CPU.ActiveCfg = Debug|Any CPU
		{9051D8EF-8E79-479C-B6C9-ABB8B133EC37}.Debug|Any CPU.Build.0 = Debug|Any CPU
		{9051D8EF-8E79-479C-B6C9-ABB8B133EC37}.Debug|Any CPU.Deploy.0 = Debug|Any CPU
		{9051D8EF-8E79-479C-B6C9-ABB8B133EC37}.Release|Any CPU.ActiveCfg = Release|Any CPU
		{9051D8EF-8E79-479C-B6C9-ABB8B133EC37}.Release|Any CPU.Build.0 = Release|Any CPU
	EndGlobalSection
	GlobalSection(SolutionProperties) = preSolution
		HideSolutionNode = FALSE
	EndGlobalSection
	GlobalSection(ExtensibilityGlobals) = postSolution
		SolutionGuid = {6A1E6CB7-87E7-4EEA-B0A8-0DD1ACFC2697}
	EndGlobalSection
EndGlobal
